
Microsoft Visual Studio Solution File, Format Version 12.00
# Visual Studio 15
VisualStudioVersion = 15.0.27130.2036
MinimumVisualStudioVersion = 10.0.40219.1
Project("{FAE04EC0-301F-11D3-BF4B-00C04F79EFBC}") = "minidity", "minidity\minidity.csproj", "{428B913C-74F8-497E-AE1B-746C333CBF19}"
EndProject
Project("{FAE04EC0-301F-11D3-BF4B-00C04F79EFBC}") = "minivm", "minivm\minivm.csproj", "{B55C2E34-A003-430F-8FDA-661752E6BF71}"
EndProject
Project("{FAE04EC0-301F-11D3-BF4B-00C04F79EFBC}") = "minivm.core", "minivm.core\minivm.core.csproj", "{927F7CBA-EEF2-4429-9C98-CCDEA6D2EC5A}"
EndProject
Project("{FAE04EC0-301F-11D3-BF4B-00C04F79EFBC}") = "testbed", "testbed\testbed.csproj", "{B29BC757-2E8E-44D3-90F9-9A24D8B65A8D}"
EndProject
Project("{FAE04EC0-301F-11D3-BF4B-00C04F79EFBC}") = "minidity.test", "minidity.test\minidity.test.csproj", "{5E777612-E308-45EB-A78B-888CA4F14413}"
EndProject
Project("{FAE04EC0-301F-11D3-BF4B-00C04F79EFBC}") = "minivm.test", "minivm.test\minivm.test.csproj", "{0E446B20-E2B0-43DC-BA29-2D046034EC6D}"
EndProject
Global
	GlobalSection(SolutionConfigurationPlatforms) = preSolution
		Debug|Any CPU = Debug|Any CPU
		Release|Any CPU = Release|Any CPU
	EndGlobalSection
	GlobalSection(ProjectConfigurationPlatforms) = postSolution
		{428B913C-74F8-497E-AE1B-746C333CBF19}.Debug|Any CPU.ActiveCfg = Debug|Any CPU
		{428B913C-74F8-497E-AE1B-746C333CBF19}.Debug|Any CPU.Build.0 = Debug|Any CPU
		{428B913C-74F8-497E-AE1B-746C333CBF19}.Release|Any CPU.ActiveCfg = Release|Any CPU
		{428B913C-74F8-497E-AE1B-746C333CBF19}.Release|Any CPU.Build.0 = Release|Any CPU
		{B55C2E34-A003-430F-8FDA-661752E6BF71}.Debug|Any CPU.ActiveCfg = Debug|Any CPU
		{B55C2E34-A003-430F-8FDA-661752E6BF71}.Debug|Any CPU.Build.0 = Debug|Any CPU
		{B55C2E34-A003-430F-8FDA-661752E6BF71}.Release|Any CPU.ActiveCfg = Release|Any CPU
		{B55C2E34-A003-430F-8FDA-661752E6BF71}.Release|Any CPU.Build.0 = Release|Any CPU
		{927F7CBA-EEF2-4429-9C98-CCDEA6D2EC5A}.Debug|Any CPU.ActiveCfg = Debug|Any CPU
		{927F7CBA-EEF2-4429-9C98-CCDEA6D2EC5A}.Debug|Any CPU.Build.0 = Debug|Any CPU
		{927F7CBA-EEF2-4429-9C98-CCDEA6D2EC5A}.Release|Any CPU.ActiveCfg = Release|Any CPU
		{927F7CBA-EEF2-4429-9C98-CCDEA6D2EC5A}.Release|Any CPU.Build.0 = Release|Any CPU
		{B29BC757-2E8E-44D3-90F9-9A24D8B65A8D}.Debug|Any CPU.ActiveCfg = Debug|Any CPU
		{B29BC757-2E8E-44D3-90F9-9A24D8B65A8D}.Debug|Any CPU.Build.0 = Debug|Any CPU
		{B29BC757-2E8E-44D3-90F9-9A24D8B65A8D}.Release|Any CPU.ActiveCfg = Release|Any CPU
		{B29BC757-2E8E-44D3-90F9-9A24D8B65A8D}.Release|Any CPU.Build.0 = Release|Any CPU
		{5E777612-E308-45EB-A78B-888CA4F14413}.Debug|Any CPU.ActiveCfg = Debug|Any CPU
		{5E777612-E308-45EB-A78B-888CA4F14413}.Debug|Any CPU.Build.0 = Debug|Any CPU
		{5E777612-E308-45EB-A78B-888CA4F14413}.Release|Any CPU.ActiveCfg = Release|Any CPU
		{5E777612-E308-45EB-A78B-888CA4F14413}.Release|Any CPU.Build.0 = Release|Any CPU
		{0E446B20-E2B0-43DC-BA29-2D046034EC6D}.Debug|Any CPU.ActiveCfg = Debug|Any CPU
		{0E446B20-E2B0-43DC-BA29-2D046034EC6D}.Debug|Any CPU.Build.0 = Debug|Any CPU
		{0E446B20-E2B0-43DC-BA29-2D046034EC6D}.Release|Any CPU.ActiveCfg = Release|Any CPU
		{0E446B20-E2B0-43DC-BA29-2D046034EC6D}.Release|Any CPU.Build.0 = Release|Any CPU
	EndGlobalSection
	GlobalSection(SolutionProperties) = preSolution
		HideSolutionNode = FALSE
	EndGlobalSection
	GlobalSection(ExtensibilityGlobals) = postSolution
		SolutionGuid = {B3B8D432-46B8-48AE-96F8-5BB6AEAECDA3}
	EndGlobalSection
EndGlobal
